{
  "name": "chain",
  "version": "1.0.0",
  "lockfileVersion": 1,
  "requires": true,
  "dependencies": {
    "colors": {
      "version": "1.1.2",
      "resolved": "https://registry.npmjs.org/colors/-/colors-1.1.2.tgz",
      "integrity": "sha1-FopHAXVran9RoSzgyXv6KMCE7WM="
    },
    "commander": {
      "version": "2.14.1",
      "resolved": "https://registry.npmjs.org/commander/-/commander-2.14.1.tgz",
      "integrity": "sha512-+YR16o3rK53SmWHU3rEM3tPAh2rwb1yPcQX5irVn7mb0gXbwuCCrnkbV5+PBfETdfg1vui07nM6PCG1zndcjQw=="
    },
    "json-stable-stringify": {
      "version": "1.0.1",
      "resolved": "https://registry.npmjs.org/json-stable-stringify/-/json-stable-stringify-1.0.1.tgz",
      "integrity": "sha1-mnWdOcXy/1A/1TAGRu1EX4jE+a8=",
      "requires": {
        "jsonify": "0.0.0"
      }
    },
    "jsonify": {
      "version": "0.0.0",
      "resolved": "https://registry.npmjs.org/jsonify/-/jsonify-0.0.0.tgz",
      "integrity": "sha1-LHS27kHZPKUbe1qu6PUDYx0lKnM="
    },
    "keccak-p-js": {
      "version": "git+https://github.com/jeffallen6767/keccak-p-js.git#3d575141834e611c0c966891ab17281e36cc0eda",
      "requires": {
        "colors": "1.1.2",
        "commander": "2.14.1",
        "utf8": "3.0.0"
      }
    },
    "sha-256-js": {
      "version": "git+https://github.com/jeffallen6767/sha-256-js.git#c1eaaf1a6a8f884a25a721ec860febc9451e9450",
      "requires": {
        "colors": "1.1.2",
        "commander": "2.14.1",
        "utf8": "2.1.2"
      },
      "dependencies": {
        "utf8": {
          "version": "2.1.2",
          "resolved": "https://registry.npmjs.org/utf8/-/utf8-2.1.2.tgz",
          "integrity": "sha1-H6DZJw6b6FDZsFAn9jUZv0ZFfZY="
        }
      }
    },
    "testing": {
      "version": "git+https://github.com/jeffallen6767/testing.git#fae1ee764fab3645155500ea9751163d2c666801",
      "dev": true,
      "requires": {
        "colors": "1.1.2"
      }
    },
    "tweetnacl": {
      "version": "1.0.0",
      "resolved": "https://registry.npmjs.org/tweetnacl/-/tweetnacl-1.0.0.tgz",
      "integrity": "sha1-cT2LgY2kIGh0C/aDhtBHnmb8ins="
    },
    "utf8": {
      "version": "3.0.0",
      "resolved": "https://registry.npmjs.org/utf8/-/utf8-3.0.0.tgz",
      "integrity": "sha512-E8VjFIQ/TyQgp+TZfS6l8yp/xWppSAHzidGiRrqe4bK4XP9pTRyKFgGJpO3SN7zdX4DeomTrwaseCHovfpFcqQ=="
    }
  }
}
